// !$*UTF8*$!
{
	archiveVersion = 1;
	classes = {
	};
	objectVersion = 46;
	objects = {

/* Begin PBXBuildFile section */
		BFF2855D1D8C2021004981CF /* AppDelegate.swift in Sources */ = {isa = PBXBuildFile; fileRef = BFF2855C1D8C2021004981CF /* AppDelegate.swift */; };
		BFF2855F1D8C2021004981CF /* ViewController.swift in Sources */ = {isa = PBXBuildFile; fileRef = BFF2855E1D8C2021004981CF /* ViewController.swift */; };
		BFF285621D8C2021004981CF /* Main.storyboard in Resources */ = {isa = PBXBuildFile; fileRef = BFF285601D8C2021004981CF /* Main.storyboard */; };
		BFF285641D8C2021004981CF /* Assets.xcassets in Resources */ = {isa = PBXBuildFile; fileRef = BFF285631D8C2021004981CF /* Assets.xcassets */; };
		BFF285671D8C2021004981CF /* LaunchScreen.storyboard in Resources */ = {isa = PBXBuildFile; fileRef = BFF285651D8C2021004981CF /* LaunchScreen.storyboard */; };
/* End PBXBuildFile section */

/* Begin PBXFileReference section */
		BFF285591D8C2021004981CF /* FeedingHistoryLab.app */ = {isa = PBXFileReference; explicitFileType = wrapper.application; includeInIndex = 0; path = FeedingHistoryLab.app; sourceTree = BUILT_PRODUCTS_DIR; };
		BFF2855C1D8C2021004981CF /* AppDelegate.swift */ = {isa = PBXFileReference; lastKnownFileType = sourcecode.swift; path = AppDelegate.swift; sourceTree = "<group>"; };
		BFF2855E1D8C2021004981CF /* ViewController.swift */ = {isa = PBXFileReference; lastKnownFileType = sourcecode.swift; path = ViewController.swift; sourceTree = "<group>"; };
		BFF285611D8C2021004981CF /* Base */ = {isa = PBXFileReference; lastKnownFileType = file.storyboard; name = Base; path = Base.lproj/Main.storyboard; sourceTree = "<group>"; };
		BFF285631D8C2021004981CF /* Assets.xcassets */ = {isa = PBXFileReference; lastKnownFileType = folder.assetcatalog; path = Assets.xcassets; sourceTree = "<group>"; };
		BFF285661D8C2021004981CF /* Base */ = {isa = PBXFileReference; lastKnownFileType = file.storyboard; name = Base; path = Base.lproj/LaunchScreen.storyboard; sourceTree = "<group>"; };
		BFF285681D8C2021004981CF /* Info.plist */ = {isa = PBXFileReference; lastKnownFileType = text.plist.xml; path = Info.plist; sourceTree = "<group>"; };
/* End PBXFileReference section */

/* Begin PBXFrameworksBuildPhase section */
		BFF285561D8C2021004981CF /* Frameworks */ = {
			isa = PBXFrameworksBuildPhase;
			buildActionMask = 2147483647;
			files = (
			);
			runOnlyForDeploymentPostprocessing = 0;
		};
/* End PBXFrameworksBuildPhase section */

/* Begin PBXGroup section */
		BFF285501D8C2021004981CF = {
			isa = PBXGroup;
			children = (
				BFF2855B1D8C2021004981CF /* FeedingHistoryLab */,
				BFF2855A1D8C2021004981CF /* Products */,
			);
			sourceTree = "<group>";
		};
		BFF2855A1D8C2021004981CF /* Products */ = {
			isa = PBXGroup;
			children = (
				BFF285591D8C2021004981CF /* FeedingHistoryLab.app */,
			);
			name = Products;
			sourceTree = "<group>";
		};
		BFF2855B1D8C2021004981CF /* FeedingHistoryLab */ = {
			isa = PBXGroup;
			children = (
				BFF2855C1D8C2021004981CF /* AppDelegate.swift */,
				BFF2855E1D8C2021004981CF /* ViewController.swift */,
				BFF285601D8C2021004981CF /* Main.storyboard */,
				BFF285631D8C2021004981CF /* Assets.xcassets */,
				BFF285651D8C2021004981CF /* LaunchScreen.storyboard */,
				BFF285681D8C2021004981CF /* Info.plist */,
			);
			path = FeedingHistoryLab;
			sourceTree = "<group>";
		};
/* End PBXGroup section */

/* Begin PBXNativeTarget section */
		BFF285581D8C2021004981CF /* FeedingHistoryLab */ = {
			isa = PBXNativeTarget;
			buildConfigurationList = BFF2856B1D8C2021004981CF /* Build configuration list for PBXNativeTarget "FeedingHistoryLab" */;
			buildPhases = (
				BFF285551D8C2021004981CF /* Sources */,
				BFF285561D8C2021004981CF /* Frameworks */,
				BFF285571D8C2021004981CF /* Resources */,
			);
			buildRules = (
			);
			dependencies = (
			);
			name = FeedingHistoryLab;
			productName = FeedingHistoryLab;
			productReference = BFF285591D8C2021004981CF /* FeedingHistoryLab.app */;
			productType = "com.apple.product-type.application";
		};
/* End PBXNativeTarget section */

/* Begin PBXProject section */
		BFF285511D8C2021004981CF /* Project object */ = {
			isa = PBXProject;
			attributes = {
				LastSwiftUpdateCheck = 0800;
				LastUpgradeCheck = 0800;
				ORGANIZATIONNAME = infostrates;
				TargetAttributes = {
					BFF285581D8C2021004981CF = {
						CreatedOnToolsVersion = 8.0;
						DevelopmentTeam = 6G68R287BD;
						ProvisioningStyle = Automatic;
					};
				};
			};
			buildConfigurationList = BFF285541D8C2021004981CF /* Build configuration list for PBXProject "FeedingHistoryLab" */;
			compatibilityVersion = "Xcode 3.2";
			developmentRegion = English;
			hasScannedForEncodings = 0;
			knownRegions = (
				en,
				Base,
			);
			mainGroup = BFF285501D8C2021004981CF;
			productRefGroup = BFF2855A1D8C2021004981CF /* Products */;
			projectDirPath = "";
			projectRoot = "";
			targets = (
				BFF285581D8C2021004981CF /* FeedingHistoryLab */,
			);
		};
/* End PBXProject section */

/* Begin PBXResourcesBuildPhase section */
		BFF285571D8C2021004981CF /* Resources */ = {
			isa = PBXResourcesBuildPhase;
			buildActionMask = 2147483647;
			files = (
				BFF285671D8C2021004981CF /* LaunchScreen.storyboard in Resources */,
				BFF285641D8C2021004981CF /* Assets.xcassets in Resources */,
				BFF285621D8C2021004981CF /* Main.storyboard in Resources */,
			);
			runOnlyForDeploymentPostprocessing = 0;
		};
/* End PBXResourcesBuildPhase section */

/* Begin PBXSourcesBuildPhase section */
		BFF285551D8C2021004981CF /* Sources */ = {
			isa = PBXSourcesBuildPhase;
			buildActionMask = 2147483647;
			files = (
				BFF2855F1D8C2021004981CF /* ViewController.swift in Sources */,
				BFF2855D1D8C2021004981CF /* AppDelegate.swift in Sources */,
			);
			runOnlyForDeploymentPostprocessing = 0;
		};
/* End PBXSourcesBuildPhase section */

/* Begin PBXVariantGroup section */
		BFF285601D8C2021004981CF /* Main.storyboard */ = {
			isa = PBXVariantGroup;
			children = (
				BFF285611D8C2021004981CF /* Base */,
			);
			name = Main.storyboard;
			sourceTree = "<group>";
		};
		BFF285651D8C2021004981CF /* LaunchScreen.storyboard */ = {
			isa = PBXVariantGroup;
			children = (
				BFF285661D8C2021004981CF /* Base */,
			);
			name = LaunchScreen.storyboard;
			sourceTree = "<group>";
		};
/* End PBXVariantGroup section */

/* Begin XCBuildConfiguration section */
		BFF285691D8C2021004981CF /* Debug */ = {
			isa = XCBuildConfiguration;
			buildSettings = {
				ALWAYS_SEARCH_USER_PATHS = NO;
				CLANG_ANALYZER_NONNULL = YES;
				CLANG_CXX_LANGUAGE_STANDARD = "gnu++0x";
				CLANG_CXX_LIBRARY = "libc++";
				CLANG_ENABLE_MODULES = YES;
				CLANG_ENABLE_OBJC_ARC = YES;
				CLANG_WARN_BOOL_CONVERSION = YES;
				CLANG_WARN_CONSTANT_CONVERSION = YES;
				CLANG_WARN_DIRECT_OBJC_ISA_USAGE = YES_ERROR;
				CLANG_WARN_DOCUMENTATION_COMMENTS = YES;
				CLANG_WARN_EMPTY_BODY = YES;
				CLANG_WARN_ENUM_CONVERSION = YES;
				CLANG_WARN_INFINITE_RECURSION = YES;
				CLANG_WARN_INT_CONVERSION = YES;
				CLANG_WARN_OBJC_ROOT_CLASS = YES_ERROR;
				CLANG_WARN_SUSPICIOUS_MOVES = YES;
				CLANG_WARN_UNREACHABLE_CODE = YES;
				CLANG_WARN__DUPLICATE_METHOD_MATCH = YES;
				"CODE_SIGN_IDENTITY[sdk=iphoneos*]" = "iPhone Developer";
				COPY_PHASE_STRIP = NO;
				DEBUG_INFORMATION_FORMAT = dwarf;
				ENABLE_STRICT_OBJC_MSGSEND = YES;
				ENABLE_TESTABILITY = YES;
				GCC_C_LANGUAGE_STANDARD = gnu99;
				GCC_DYNAMIC_NO_PIC = NO;
				GCC_NO_COMMON_BLOCKS = YES;
				GCC_OPTIMIZATION_LEVEL = 0;
				GCC_PREPROCESSOR_DEFINITIONS = (
					"DEBUG=1",
					"$(inherited)",
				);
				GCC_WARN_64_TO_32_BIT_CONVERSION = YES;
				GCC_WARN_ABOUT_RETURN_TYPE = YES_ERROR;
				GCC_WARN_UNDECLARED_SELECTOR = YES;
				GCC_WARN_UNINITIALIZED_AUTOS = YES_AGGRESSIVE;
				GCC_WARN_UNUSED_FUNCTION = YES;
				GCC_WARN_UNUSED_VARIABLE = YES;
				IPHONEOS_DEPLOYMENT_TARGET = 10.0;
				MTL_ENABLE_DEBUG_INFO = YES;
				ONLY_ACTIVE_ARCH = YES;
				SDKROOT = iphoneos;
				SWIFT_ACTIVE_COMPILATION_CONDITIONS = DEBUG;
				SWIFT_OPTIMIZATION_LEVEL = "-Onone";
				TARGETED_DEVICE_FAMILY = 2;
			};
			name = Debug;
		};
		BFF2856A1D8C2021004981CF /* Release */ = {
			isa = XCBuildConfiguration;
			buildSettings = {
				ALWAYS_SEARCH_USER_PATHS = NO;
				CLANG_ANALYZER_NONNULL = YES;
				CLANG_CXX_LANGUAGE_STANDARD = "gnu++0x";
				CLANG_CXX_LIBRARY = "libc++";
				CLANG_ENABLE_MODULES = YES;
				CLANG_ENABLE_OBJC_ARC = YES;
				CLANG_WARN_BOOL_CONVERSION = YES;
				CLANG_WARN_CONSTANT_CONVERSION = YES;
				CLANG_WARN_DIRECT_OBJC_ISA_USAGE = YES_ERROR;
				CLANG_WARN_DOCUMENTATION_COMMENTS = YES;
				CLANG_WARN_EMPTY_BODY = YES;
				CLANG_WARN_ENUM_CONVERSION = YES;
				CLANG_WARN_INFINITE_RECURSION = YES;
				CLANG_WARN_INT_CONVERSION = YES;
				CLANG_WARN_OBJC_ROOT_CLASS = YES_ERROR;
				CLANG_WARN_SUSPICIOUS_MOVES = YES;
				CLANG_WARN_UNREACHABLE_CODE = YES;
				CLANG_WARN__DUPLICATE_METHOD_MATCH = YES;
				"CODE_SIGN_IDENTITY[sdk=iphoneos*]" = "iPhone Developer";
				COPY_PHASE_STRIP = NO;
				DEBUG_INFORMATION_FORMAT = "dwarf-with-dsym";
				ENABLE_NS_ASSERTIONS = NO;
				ENABLE_STRICT_OBJC_MSGSEND = YES;
				GCC_C_LANGUAGE_STANDARD = gnu99;
				GCC_NO_COMMON_BLOCKS = YES;
				GCC_WARN_64_TO_32_BIT_CONVERSION = YES;
				GCC_WARN_ABOUT_RETURN_TYPE = YES_ERROR;
				GCC_WARN_UNDECLARED_SELECTOR = YES;
				GCC_WARN_UNINITIALIZED_AUTOS = YES_AGGRESSIVE;
				GCC_WARN_UNUSED_FUNCTION = YES;
				GCC_WARN_UNUSED_VARIABLE = YES;
				IPHONEOS_DEPLOYMENT_TARGET = 10.0;
				MTL_ENABLE_DEBUG_INFO = NO;
				SDKROOT = iphoneos;
				SWIFT_OPTIMIZATION_LEVEL = "-Owholemodule";
				TARGETED_DEVICE_FAMILY = 2;
				VALIDATE_PRODUCT = YES;
			};
			name = Release;
		};
		BFF2856C1D8C2021004981CF /* Debug */ = {
			isa = XCBuildConfiguration;
			buildSettings = {
				ASSETCATALOG_COMPILER_APPICON_NAME = AppIcon;
				DEVELOPMENT_TEAM = 6G68R287BD;
				INFOPLIST_FILE = FeedingHistoryLab/Info.plist;
				LD_RUNPATH_SEARCH_PATHS = "$(inherited) @executable_path/Frameworks";
				PRODUCT_BUNDLE_IDENTIFIER = fr.infostrates.FeedingHistoryLab;
				PRODUCT_NAME = "$(TARGET_NAME)";
				SWIFT_VERSION = 3.0;
			};
			name = Debug;
		};
		BFF2856D1D8C2021004981CF /* Release */ = {
			isa = XCBuildConfiguration;
			buildSettings = {
				ASSETCATALOG_COMPILER_APPICON_NAME = AppIcon;
				DEVELOPMENT_TEAM = 6G68R287BD;
				INFOPLIST_FILE = FeedingHistoryLab/Info.plist;
				LD_RUNPATH_SEARCH_PATHS = "$(inherited) @executable_path/Frameworks";
				PRODUCT_BUNDLE_IDENTIFIER = fr.infostrates.FeedingHistoryLab;
				PRODUCT_NAME = "$(TARGET_NAME)";
				SWIFT_VERSION = 3.0;
			};
			name = Release;
		};
/* End XCBuildConfiguration section */

/* Begin XCConfigurationList section */
		BFF285541D8C2021004981CF /* Build configuration list for PBXProject "FeedingHistoryLab" */ = {
			isa = XCConfigurationList;
			buildConfigurations = (
				BFF285691D8C2021004981CF /* Debug */,
				BFF2856A1D8C2021004981CF /* Release */,
			);
			defaultConfigurationIsVisible = 0;
			defaultConfigurationName = Release;
		};
		BFF2856B1D8C2021004981CF /* Build configuration list for PBXNativeTarget "FeedingHistoryLab" */ = {
			isa = XCConfigurationList;
			buildConfigurations = (
				BFF2856C1D8C2021004981CF /* Debug */,
				BFF2856D1D8C2021004981CF /* Release */,
			);
			defaultConfigurationIsVisible = 0;
		};
/* End XCConfigurationList section */
	};
	rootObject = BFF285511D8C2021004981CF /* Project object */;
}
