// !$*UTF8*$!
{
	archiveVersion = 1;
	classes = {
	};
	objectVersion = 46;
	objects = {

/* Begin PBXBuildFile section */
		BF09A02D1D997EB700FAD48A /* DateValueFormatter.swift in Sources */ = {isa = PBXBuildFile; fileRef = BF09A02C1D997EB700FAD48A /* DateValueFormatter.swift */; };
		BF2DBD501D8FD003000CD5D6 /* SAHHistoryButton.swift in Sources */ = {isa = PBXBuildFile; fileRef = BF2DBD4F1D8FD003000CD5D6 /* SAHHistoryButton.swift */; };
		BF2DBD521D8FD5F8000CD5D6 /* StepByStepEmbeddedViewController.swift in Sources */ = {isa = PBXBuildFile; fileRef = BF2DBD511D8FD5F8000CD5D6 /* StepByStepEmbeddedViewController.swift */; };
		BF2DBD541D8FE423000CD5D6 /* FeedingTableViewCell.swift in Sources */ = {isa = PBXBuildFile; fileRef = BF2DBD531D8FE423000CD5D6 /* FeedingTableViewCell.swift */; };
		BF2DBD571D8FF22E000CD5D6 /* HistoryItem.swift in Sources */ = {isa = PBXBuildFile; fileRef = BF2DBD561D8FF22E000CD5D6 /* HistoryItem.swift */; };
		BF38302F1D926D96009E4ABF /* Date+.swift in Sources */ = {isa = PBXBuildFile; fileRef = BF38302E1D926D96009E4ABF /* Date+.swift */; };
		BF7388361D9AB80A007C6E30 /* Double+.swift in Sources */ = {isa = PBXBuildFile; fileRef = BF7388351D9AB80A007C6E30 /* Double+.swift */; };
		BF82686D1D9023D2007042D6 /* Charts.framework in Frameworks */ = {isa = PBXBuildFile; fileRef = BF8268661D902368007042D6 /* Charts.framework */; };
		BF82686E1D9023D2007042D6 /* Charts.framework in Embed Frameworks */ = {isa = PBXBuildFile; fileRef = BF8268661D902368007042D6 /* Charts.framework */; settings = {ATTRIBUTES = (CodeSignOnCopy, RemoveHeadersOnCopy, ); }; };
		BF8268731D902429007042D6 /* ChartViewController.swift in Sources */ = {isa = PBXBuildFile; fileRef = BF8268721D902429007042D6 /* ChartViewController.swift */; };
		BFC3407F1D9BC5E000BBBB54 /* String+.swift in Sources */ = {isa = PBXBuildFile; fileRef = BFC3407E1D9BC5E000BBBB54 /* String+.swift */; };
		BFC6AF281D8C319F00A4AE59 /* FeedingHistoryPageViewController.swift in Sources */ = {isa = PBXBuildFile; fileRef = BFC6AF271D8C319F00A4AE59 /* FeedingHistoryPageViewController.swift */; };
		BFC6AF2A1D8C31B600A4AE59 /* SpecificBowlHistoryViewController.swift in Sources */ = {isa = PBXBuildFile; fileRef = BFC6AF291D8C31B600A4AE59 /* SpecificBowlHistoryViewController.swift */; };
		BFC6AF2C1D8C31C500A4AE59 /* AllBowlHistoryViewController.swift in Sources */ = {isa = PBXBuildFile; fileRef = BFC6AF2B1D8C31C500A4AE59 /* AllBowlHistoryViewController.swift */; };
		BFF2855D1D8C2021004981CF /* AppDelegate.swift in Sources */ = {isa = PBXBuildFile; fileRef = BFF2855C1D8C2021004981CF /* AppDelegate.swift */; };
		BFF2855F1D8C2021004981CF /* ViewController.swift in Sources */ = {isa = PBXBuildFile; fileRef = BFF2855E1D8C2021004981CF /* ViewController.swift */; };
		BFF285621D8C2021004981CF /* Main.storyboard in Resources */ = {isa = PBXBuildFile; fileRef = BFF285601D8C2021004981CF /* Main.storyboard */; };
		BFF285641D8C2021004981CF /* Assets.xcassets in Resources */ = {isa = PBXBuildFile; fileRef = BFF285631D8C2021004981CF /* Assets.xcassets */; };
		BFF285671D8C2021004981CF /* LaunchScreen.storyboard in Resources */ = {isa = PBXBuildFile; fileRef = BFF285651D8C2021004981CF /* LaunchScreen.storyboard */; };
		BFF285701D8C2116004981CF /* SAHTitleLabel.swift in Sources */ = {isa = PBXBuildFile; fileRef = BFF2856F1D8C2116004981CF /* SAHTitleLabel.swift */; };
/* End PBXBuildFile section */

/* Begin PBXContainerItemProxy section */
		BF8268651D902368007042D6 /* PBXContainerItemProxy */ = {
			isa = PBXContainerItemProxy;
			containerPortal = BF82685E1D902368007042D6 /* Charts.xcodeproj */;
			proxyType = 2;
			remoteGlobalIDString = 06165F241D8110E600722320;
			remoteInfo = Charts;
		};
		BF8268671D902368007042D6 /* PBXContainerItemProxy */ = {
			isa = PBXContainerItemProxy;
			containerPortal = BF82685E1D902368007042D6 /* Charts.xcodeproj */;
			proxyType = 2;
			remoteGlobalIDString = 06165F2E1D8110E600722320;
			remoteInfo = ChartsTests;
		};
		BF8268691D902368007042D6 /* PBXContainerItemProxy */ = {
			isa = PBXContainerItemProxy;
			containerPortal = BF82685E1D902368007042D6 /* Charts.xcodeproj */;
			proxyType = 2;
			remoteGlobalIDString = 06B120D51D811E6200D14B02;
			remoteInfo = ChartsRealm;
		};
		BF82686B1D902368007042D6 /* PBXContainerItemProxy */ = {
			isa = PBXContainerItemProxy;
			containerPortal = BF82685E1D902368007042D6 /* Charts.xcodeproj */;
			proxyType = 2;
			remoteGlobalIDString = 06B120FF1D811F1600D14B02;
			remoteInfo = ChartsRealmTests;
		};
		BF82686F1D9023D2007042D6 /* PBXContainerItemProxy */ = {
			isa = PBXContainerItemProxy;
			containerPortal = BF82685E1D902368007042D6 /* Charts.xcodeproj */;
			proxyType = 1;
			remoteGlobalIDString = 06165F231D8110E600722320;
			remoteInfo = Charts;
		};
/* End PBXContainerItemProxy section */

/* Begin PBXCopyFilesBuildPhase section */
		BF8268711D9023D3007042D6 /* Embed Frameworks */ = {
			isa = PBXCopyFilesBuildPhase;
			buildActionMask = 2147483647;
			dstPath = "";
			dstSubfolderSpec = 10;
			files = (
				BF82686E1D9023D2007042D6 /* Charts.framework in Embed Frameworks */,
			);
			name = "Embed Frameworks";
			runOnlyForDeploymentPostprocessing = 0;
		};
/* End PBXCopyFilesBuildPhase section */

/* Begin PBXFileReference section */
		BF09A02C1D997EB700FAD48A /* DateValueFormatter.swift */ = {isa = PBXFileReference; fileEncoding = 4; lastKnownFileType = sourcecode.swift; path = DateValueFormatter.swift; sourceTree = "<group>"; };
		BF2DBD4F1D8FD003000CD5D6 /* SAHHistoryButton.swift */ = {isa = PBXFileReference; fileEncoding = 4; lastKnownFileType = sourcecode.swift; path = SAHHistoryButton.swift; sourceTree = "<group>"; };
		BF2DBD511D8FD5F8000CD5D6 /* StepByStepEmbeddedViewController.swift */ = {isa = PBXFileReference; fileEncoding = 4; lastKnownFileType = sourcecode.swift; path = StepByStepEmbeddedViewController.swift; sourceTree = "<group>"; };
		BF2DBD531D8FE423000CD5D6 /* FeedingTableViewCell.swift */ = {isa = PBXFileReference; fileEncoding = 4; lastKnownFileType = sourcecode.swift; path = FeedingTableViewCell.swift; sourceTree = "<group>"; };
		BF2DBD561D8FF22E000CD5D6 /* HistoryItem.swift */ = {isa = PBXFileReference; fileEncoding = 4; lastKnownFileType = sourcecode.swift; path = HistoryItem.swift; sourceTree = "<group>"; };
		BF38302E1D926D96009E4ABF /* Date+.swift */ = {isa = PBXFileReference; fileEncoding = 4; lastKnownFileType = sourcecode.swift; path = "Date+.swift"; sourceTree = "<group>"; };
		BF7388351D9AB80A007C6E30 /* Double+.swift */ = {isa = PBXFileReference; fileEncoding = 4; lastKnownFileType = sourcecode.swift; path = "Double+.swift"; sourceTree = "<group>"; };
		BF82685E1D902368007042D6 /* Charts.xcodeproj */ = {isa = PBXFileReference; lastKnownFileType = "wrapper.pb-project"; name = Charts.xcodeproj; path = "../../../../../Downloads/Charts-master/Charts.xcodeproj"; sourceTree = "<group>"; };
		BF8268721D902429007042D6 /* ChartViewController.swift */ = {isa = PBXFileReference; fileEncoding = 4; lastKnownFileType = sourcecode.swift; path = ChartViewController.swift; sourceTree = "<group>"; };
		BFC3407E1D9BC5E000BBBB54 /* String+.swift */ = {isa = PBXFileReference; fileEncoding = 4; lastKnownFileType = sourcecode.swift; path = "String+.swift"; sourceTree = "<group>"; };
		BFC6AF271D8C319F00A4AE59 /* FeedingHistoryPageViewController.swift */ = {isa = PBXFileReference; fileEncoding = 4; lastKnownFileType = sourcecode.swift; path = FeedingHistoryPageViewController.swift; sourceTree = "<group>"; };
		BFC6AF291D8C31B600A4AE59 /* SpecificBowlHistoryViewController.swift */ = {isa = PBXFileReference; fileEncoding = 4; lastKnownFileType = sourcecode.swift; path = SpecificBowlHistoryViewController.swift; sourceTree = "<group>"; };
		BFC6AF2B1D8C31C500A4AE59 /* AllBowlHistoryViewController.swift */ = {isa = PBXFileReference; fileEncoding = 4; lastKnownFileType = sourcecode.swift; path = AllBowlHistoryViewController.swift; sourceTree = "<group>"; };
		BFF285591D8C2021004981CF /* FeedingHistoryLab.app */ = {isa = PBXFileReference; explicitFileType = wrapper.application; includeInIndex = 0; path = FeedingHistoryLab.app; sourceTree = BUILT_PRODUCTS_DIR; };
		BFF2855C1D8C2021004981CF /* AppDelegate.swift */ = {isa = PBXFileReference; lastKnownFileType = sourcecode.swift; path = AppDelegate.swift; sourceTree = "<group>"; };
		BFF2855E1D8C2021004981CF /* ViewController.swift */ = {isa = PBXFileReference; lastKnownFileType = sourcecode.swift; path = ViewController.swift; sourceTree = "<group>"; };
		BFF285611D8C2021004981CF /* Base */ = {isa = PBXFileReference; lastKnownFileType = file.storyboard; name = Base; path = Base.lproj/Main.storyboard; sourceTree = "<group>"; };
		BFF285631D8C2021004981CF /* Assets.xcassets */ = {isa = PBXFileReference; lastKnownFileType = folder.assetcatalog; path = Assets.xcassets; sourceTree = "<group>"; };
		BFF285661D8C2021004981CF /* Base */ = {isa = PBXFileReference; lastKnownFileType = file.storyboard; name = Base; path = Base.lproj/LaunchScreen.storyboard; sourceTree = "<group>"; };
		BFF285681D8C2021004981CF /* Info.plist */ = {isa = PBXFileReference; lastKnownFileType = text.plist.xml; path = Info.plist; sourceTree = "<group>"; };
		BFF2856F1D8C2116004981CF /* SAHTitleLabel.swift */ = {isa = PBXFileReference; fileEncoding = 4; lastKnownFileType = sourcecode.swift; path = SAHTitleLabel.swift; sourceTree = "<group>"; };
/* End PBXFileReference section */

/* Begin PBXFrameworksBuildPhase section */
		BFF285561D8C2021004981CF /* Frameworks */ = {
			isa = PBXFrameworksBuildPhase;
			buildActionMask = 2147483647;
			files = (
				BF82686D1D9023D2007042D6 /* Charts.framework in Frameworks */,
			);
			runOnlyForDeploymentPostprocessing = 0;
		};
/* End PBXFrameworksBuildPhase section */

/* Begin PBXGroup section */
		BF2DBD551D8FE4D0000CD5D6 /* Cells */ = {
			isa = PBXGroup;
			children = (
				BF2DBD531D8FE423000CD5D6 /* FeedingTableViewCell.swift */,
			);
			name = Cells;
			sourceTree = "<group>";
		};
		BF2DBD581D8FF25A000CD5D6 /* Models */ = {
			isa = PBXGroup;
			children = (
				BF2DBD561D8FF22E000CD5D6 /* HistoryItem.swift */,
			);
			name = Models;
			sourceTree = "<group>";
		};
		BF38302A1D926D85009E4ABF /* Utils */ = {
			isa = PBXGroup;
			children = (
				BF38302E1D926D96009E4ABF /* Date+.swift */,
				BF09A02C1D997EB700FAD48A /* DateValueFormatter.swift */,
				BF7388351D9AB80A007C6E30 /* Double+.swift */,
				BFC3407E1D9BC5E000BBBB54 /* String+.swift */,
			);
			name = Utils;
			sourceTree = "<group>";
		};
		BF82685F1D902368007042D6 /* Products */ = {
			isa = PBXGroup;
			children = (
				BF8268661D902368007042D6 /* Charts.framework */,
				BF8268681D902368007042D6 /* ChartsTests.xctest */,
				BF82686A1D902368007042D6 /* ChartsRealm.framework */,
				BF82686C1D902368007042D6 /* ChartsRealmTests.xctest */,
			);
			name = Products;
			sourceTree = "<group>";
		};
		BFC6AF261D8C316500A4AE59 /* Controllers */ = {
			isa = PBXGroup;
			children = (
				BFF2855E1D8C2021004981CF /* ViewController.swift */,
				BFC6AF271D8C319F00A4AE59 /* FeedingHistoryPageViewController.swift */,
				BFC6AF291D8C31B600A4AE59 /* SpecificBowlHistoryViewController.swift */,
				BFC6AF2B1D8C31C500A4AE59 /* AllBowlHistoryViewController.swift */,
				BF2DBD511D8FD5F8000CD5D6 /* StepByStepEmbeddedViewController.swift */,
				BF8268721D902429007042D6 /* ChartViewController.swift */,
			);
			name = Controllers;
			sourceTree = "<group>";
		};
		BFF285501D8C2021004981CF = {
			isa = PBXGroup;
			children = (
				BF82685E1D902368007042D6 /* Charts.xcodeproj */,
				BFF2855B1D8C2021004981CF /* FeedingHistoryLab */,
				BFF2855A1D8C2021004981CF /* Products */,
			);
			sourceTree = "<group>";
		};
		BFF2855A1D8C2021004981CF /* Products */ = {
			isa = PBXGroup;
			children = (
				BFF285591D8C2021004981CF /* FeedingHistoryLab.app */,
			);
			name = Products;
			sourceTree = "<group>";
		};
		BFF2855B1D8C2021004981CF /* FeedingHistoryLab */ = {
			isa = PBXGroup;
			children = (
				BF38302A1D926D85009E4ABF /* Utils */,
				BF2DBD581D8FF25A000CD5D6 /* Models */,
				BFC6AF261D8C316500A4AE59 /* Controllers */,
				BFF2856E1D8C20E9004981CF /* Views */,
				BFF2855C1D8C2021004981CF /* AppDelegate.swift */,
				BFF285601D8C2021004981CF /* Main.storyboard */,
				BFF285631D8C2021004981CF /* Assets.xcassets */,
				BFF285651D8C2021004981CF /* LaunchScreen.storyboard */,
				BFF285681D8C2021004981CF /* Info.plist */,
			);
			path = FeedingHistoryLab;
			sourceTree = "<group>";
		};
		BFF2856E1D8C20E9004981CF /* Views */ = {
			isa = PBXGroup;
			children = (
				BF2DBD551D8FE4D0000CD5D6 /* Cells */,
				BFF2856F1D8C2116004981CF /* SAHTitleLabel.swift */,
				BF2DBD4F1D8FD003000CD5D6 /* SAHHistoryButton.swift */,
			);
			name = Views;
			sourceTree = "<group>";
		};
/* End PBXGroup section */

/* Begin PBXNativeTarget section */
		BFF285581D8C2021004981CF /* FeedingHistoryLab */ = {
			isa = PBXNativeTarget;
			buildConfigurationList = BFF2856B1D8C2021004981CF /* Build configuration list for PBXNativeTarget "FeedingHistoryLab" */;
			buildPhases = (
				BFF285551D8C2021004981CF /* Sources */,
				BFF285561D8C2021004981CF /* Frameworks */,
				BFF285571D8C2021004981CF /* Resources */,
				BF8268711D9023D3007042D6 /* Embed Frameworks */,
			);
			buildRules = (
			);
			dependencies = (
				BF8268701D9023D2007042D6 /* PBXTargetDependency */,
			);
			name = FeedingHistoryLab;
			productName = FeedingHistoryLab;
			productReference = BFF285591D8C2021004981CF /* FeedingHistoryLab.app */;
			productType = "com.apple.product-type.application";
		};
/* End PBXNativeTarget section */

/* Begin PBXProject section */
		BFF285511D8C2021004981CF /* Project object */ = {
			isa = PBXProject;
			attributes = {
				LastSwiftUpdateCheck = 0800;
				LastUpgradeCheck = 0800;
				ORGANIZATIONNAME = infostrates;
				TargetAttributes = {
					BFF285581D8C2021004981CF = {
						CreatedOnToolsVersion = 8.0;
						DevelopmentTeam = 6G68R287BD;
						ProvisioningStyle = Automatic;
					};
				};
			};
			buildConfigurationList = BFF285541D8C2021004981CF /* Build configuration list for PBXProject "FeedingHistoryLab" */;
			compatibilityVersion = "Xcode 3.2";
			developmentRegion = English;
			hasScannedForEncodings = 0;
			knownRegions = (
				en,
				Base,
			);
			mainGroup = BFF285501D8C2021004981CF;
			productRefGroup = BFF2855A1D8C2021004981CF /* Products */;
			projectDirPath = "";
			projectReferences = (
				{
					ProductGroup = BF82685F1D902368007042D6 /* Products */;
					ProjectRef = BF82685E1D902368007042D6 /* Charts.xcodeproj */;
				},
			);
			projectRoot = "";
			targets = (
				BFF285581D8C2021004981CF /* FeedingHistoryLab */,
			);
		};
/* End PBXProject section */

/* Begin PBXReferenceProxy section */
		BF8268661D902368007042D6 /* Charts.framework */ = {
			isa = PBXReferenceProxy;
			fileType = wrapper.framework;
			path = Charts.framework;
			remoteRef = BF8268651D902368007042D6 /* PBXContainerItemProxy */;
			sourceTree = BUILT_PRODUCTS_DIR;
		};
		BF8268681D902368007042D6 /* ChartsTests.xctest */ = {
			isa = PBXReferenceProxy;
			fileType = wrapper.cfbundle;
			path = ChartsTests.xctest;
			remoteRef = BF8268671D902368007042D6 /* PBXContainerItemProxy */;
			sourceTree = BUILT_PRODUCTS_DIR;
		};
		BF82686A1D902368007042D6 /* ChartsRealm.framework */ = {
			isa = PBXReferenceProxy;
			fileType = wrapper.framework;
			path = ChartsRealm.framework;
			remoteRef = BF8268691D902368007042D6 /* PBXContainerItemProxy */;
			sourceTree = BUILT_PRODUCTS_DIR;
		};
		BF82686C1D902368007042D6 /* ChartsRealmTests.xctest */ = {
			isa = PBXReferenceProxy;
			fileType = wrapper.cfbundle;
			path = ChartsRealmTests.xctest;
			remoteRef = BF82686B1D902368007042D6 /* PBXContainerItemProxy */;
			sourceTree = BUILT_PRODUCTS_DIR;
		};
/* End PBXReferenceProxy section */

/* Begin PBXResourcesBuildPhase section */
		BFF285571D8C2021004981CF /* Resources */ = {
			isa = PBXResourcesBuildPhase;
			buildActionMask = 2147483647;
			files = (
				BFF285671D8C2021004981CF /* LaunchScreen.storyboard in Resources */,
				BFF285641D8C2021004981CF /* Assets.xcassets in Resources */,
				BFF285621D8C2021004981CF /* Main.storyboard in Resources */,
			);
			runOnlyForDeploymentPostprocessing = 0;
		};
/* End PBXResourcesBuildPhase section */

/* Begin PBXSourcesBuildPhase section */
		BFF285551D8C2021004981CF /* Sources */ = {
			isa = PBXSourcesBuildPhase;
			buildActionMask = 2147483647;
			files = (
				BF09A02D1D997EB700FAD48A /* DateValueFormatter.swift in Sources */,
				BF2DBD501D8FD003000CD5D6 /* SAHHistoryButton.swift in Sources */,
				BFF2855F1D8C2021004981CF /* ViewController.swift in Sources */,
				BF2DBD541D8FE423000CD5D6 /* FeedingTableViewCell.swift in Sources */,
				BF2DBD571D8FF22E000CD5D6 /* HistoryItem.swift in Sources */,
				BFC6AF281D8C319F00A4AE59 /* FeedingHistoryPageViewController.swift in Sources */,
				BFC6AF2A1D8C31B600A4AE59 /* SpecificBowlHistoryViewController.swift in Sources */,
				BFC3407F1D9BC5E000BBBB54 /* String+.swift in Sources */,
				BFF285701D8C2116004981CF /* SAHTitleLabel.swift in Sources */,
				BF7388361D9AB80A007C6E30 /* Double+.swift in Sources */,
				BF2DBD521D8FD5F8000CD5D6 /* StepByStepEmbeddedViewController.swift in Sources */,
				BF38302F1D926D96009E4ABF /* Date+.swift in Sources */,
				BFF2855D1D8C2021004981CF /* AppDelegate.swift in Sources */,
				BFC6AF2C1D8C31C500A4AE59 /* AllBowlHistoryViewController.swift in Sources */,
				BF8268731D902429007042D6 /* ChartViewController.swift in Sources */,
			);
			runOnlyForDeploymentPostprocessing = 0;
		};
/* End PBXSourcesBuildPhase section */

/* Begin PBXTargetDependency section */
		BF8268701D9023D2007042D6 /* PBXTargetDependency */ = {
			isa = PBXTargetDependency;
			name = Charts;
			targetProxy = BF82686F1D9023D2007042D6 /* PBXContainerItemProxy */;
		};
/* End PBXTargetDependency section */

/* Begin PBXVariantGroup section */
		BFF285601D8C2021004981CF /* Main.storyboard */ = {
			isa = PBXVariantGroup;
			children = (
				BFF285611D8C2021004981CF /* Base */,
			);
			name = Main.storyboard;
			sourceTree = "<group>";
		};
		BFF285651D8C2021004981CF /* LaunchScreen.storyboard */ = {
			isa = PBXVariantGroup;
			children = (
				BFF285661D8C2021004981CF /* Base */,
			);
			name = LaunchScreen.storyboard;
			sourceTree = "<group>";
		};
/* End PBXVariantGroup section */

/* Begin XCBuildConfiguration section */
		BFF285691D8C2021004981CF /* Debug */ = {
			isa = XCBuildConfiguration;
			buildSettings = {
				ALWAYS_SEARCH_USER_PATHS = NO;
				CLANG_ANALYZER_NONNULL = YES;
				CLANG_CXX_LANGUAGE_STANDARD = "gnu++0x";
				CLANG_CXX_LIBRARY = "libc++";
				CLANG_ENABLE_MODULES = YES;
				CLANG_ENABLE_OBJC_ARC = YES;
				CLANG_WARN_BOOL_CONVERSION = YES;
				CLANG_WARN_CONSTANT_CONVERSION = YES;
				CLANG_WARN_DIRECT_OBJC_ISA_USAGE = YES_ERROR;
				CLANG_WARN_DOCUMENTATION_COMMENTS = YES;
				CLANG_WARN_EMPTY_BODY = YES;
				CLANG_WARN_ENUM_CONVERSION = YES;
				CLANG_WARN_INFINITE_RECURSION = YES;
				CLANG_WARN_INT_CONVERSION = YES;
				CLANG_WARN_OBJC_ROOT_CLASS = YES_ERROR;
				CLANG_WARN_SUSPICIOUS_MOVES = YES;
				CLANG_WARN_UNREACHABLE_CODE = YES;
				CLANG_WARN__DUPLICATE_METHOD_MATCH = YES;
				"CODE_SIGN_IDENTITY[sdk=iphoneos*]" = "iPhone Developer";
				COPY_PHASE_STRIP = NO;
				DEBUG_INFORMATION_FORMAT = dwarf;
				ENABLE_STRICT_OBJC_MSGSEND = YES;
				ENABLE_TESTABILITY = YES;
				GCC_C_LANGUAGE_STANDARD = gnu99;
				GCC_DYNAMIC_NO_PIC = NO;
				GCC_NO_COMMON_BLOCKS = YES;
				GCC_OPTIMIZATION_LEVEL = 0;
				GCC_PREPROCESSOR_DEFINITIONS = (
					"DEBUG=1",
					"$(inherited)",
				);
				GCC_WARN_64_TO_32_BIT_CONVERSION = YES;
				GCC_WARN_ABOUT_RETURN_TYPE = YES_ERROR;
				GCC_WARN_UNDECLARED_SELECTOR = YES;
				GCC_WARN_UNINITIALIZED_AUTOS = YES_AGGRESSIVE;
				GCC_WARN_UNUSED_FUNCTION = YES;
				GCC_WARN_UNUSED_VARIABLE = YES;
				IPHONEOS_DEPLOYMENT_TARGET = 10.0;
				MTL_ENABLE_DEBUG_INFO = YES;
				ONLY_ACTIVE_ARCH = YES;
				SDKROOT = iphoneos;
				SWIFT_ACTIVE_COMPILATION_CONDITIONS = DEBUG;
				SWIFT_OPTIMIZATION_LEVEL = "-Onone";
				TARGETED_DEVICE_FAMILY = 2;
			};
			name = Debug;
		};
		BFF2856A1D8C2021004981CF /* Release */ = {
			isa = XCBuildConfiguration;
			buildSettings = {
				ALWAYS_SEARCH_USER_PATHS = NO;
				CLANG_ANALYZER_NONNULL = YES;
				CLANG_CXX_LANGUAGE_STANDARD = "gnu++0x";
				CLANG_CXX_LIBRARY = "libc++";
				CLANG_ENABLE_MODULES = YES;
				CLANG_ENABLE_OBJC_ARC = YES;
				CLANG_WARN_BOOL_CONVERSION = YES;
				CLANG_WARN_CONSTANT_CONVERSION = YES;
				CLANG_WARN_DIRECT_OBJC_ISA_USAGE = YES_ERROR;
				CLANG_WARN_DOCUMENTATION_COMMENTS = YES;
				CLANG_WARN_EMPTY_BODY = YES;
				CLANG_WARN_ENUM_CONVERSION = YES;
				CLANG_WARN_INFINITE_RECURSION = YES;
				CLANG_WARN_INT_CONVERSION = YES;
				CLANG_WARN_OBJC_ROOT_CLASS = YES_ERROR;
				CLANG_WARN_SUSPICIOUS_MOVES = YES;
				CLANG_WARN_UNREACHABLE_CODE = YES;
				CLANG_WARN__DUPLICATE_METHOD_MATCH = YES;
				"CODE_SIGN_IDENTITY[sdk=iphoneos*]" = "iPhone Developer";
				COPY_PHASE_STRIP = NO;
				DEBUG_INFORMATION_FORMAT = "dwarf-with-dsym";
				ENABLE_NS_ASSERTIONS = NO;
				ENABLE_STRICT_OBJC_MSGSEND = YES;
				GCC_C_LANGUAGE_STANDARD = gnu99;
				GCC_NO_COMMON_BLOCKS = YES;
				GCC_WARN_64_TO_32_BIT_CONVERSION = YES;
				GCC_WARN_ABOUT_RETURN_TYPE = YES_ERROR;
				GCC_WARN_UNDECLARED_SELECTOR = YES;
				GCC_WARN_UNINITIALIZED_AUTOS = YES_AGGRESSIVE;
				GCC_WARN_UNUSED_FUNCTION = YES;
				GCC_WARN_UNUSED_VARIABLE = YES;
				IPHONEOS_DEPLOYMENT_TARGET = 10.0;
				MTL_ENABLE_DEBUG_INFO = NO;
				SDKROOT = iphoneos;
				SWIFT_OPTIMIZATION_LEVEL = "-Owholemodule";
				TARGETED_DEVICE_FAMILY = 2;
				VALIDATE_PRODUCT = YES;
			};
			name = Release;
		};
		BFF2856C1D8C2021004981CF /* Debug */ = {
			isa = XCBuildConfiguration;
			buildSettings = {
				ALWAYS_EMBED_SWIFT_STANDARD_LIBRARIES = YES;
				ASSETCATALOG_COMPILER_APPICON_NAME = AppIcon;
				DEVELOPMENT_TEAM = 6G68R287BD;
				INFOPLIST_FILE = FeedingHistoryLab/Info.plist;
				LD_RUNPATH_SEARCH_PATHS = "$(inherited) @executable_path/Frameworks";
				PRODUCT_BUNDLE_IDENTIFIER = fr.infostrates.FeedingHistoryLab;
				PRODUCT_NAME = "$(TARGET_NAME)";
				SWIFT_VERSION = 3.0;
				TARGETED_DEVICE_FAMILY = 1;
			};
			name = Debug;
		};
		BFF2856D1D8C2021004981CF /* Release */ = {
			isa = XCBuildConfiguration;
			buildSettings = {
				ALWAYS_EMBED_SWIFT_STANDARD_LIBRARIES = YES;
				ASSETCATALOG_COMPILER_APPICON_NAME = AppIcon;
				DEVELOPMENT_TEAM = 6G68R287BD;
				INFOPLIST_FILE = FeedingHistoryLab/Info.plist;
				LD_RUNPATH_SEARCH_PATHS = "$(inherited) @executable_path/Frameworks";
				PRODUCT_BUNDLE_IDENTIFIER = fr.infostrates.FeedingHistoryLab;
				PRODUCT_NAME = "$(TARGET_NAME)";
				SWIFT_VERSION = 3.0;
				TARGETED_DEVICE_FAMILY = 1;
			};
			name = Release;
		};
/* End XCBuildConfiguration section */

/* Begin XCConfigurationList section */
		BFF285541D8C2021004981CF /* Build configuration list for PBXProject "FeedingHistoryLab" */ = {
			isa = XCConfigurationList;
			buildConfigurations = (
				BFF285691D8C2021004981CF /* Debug */,
				BFF2856A1D8C2021004981CF /* Release */,
			);
			defaultConfigurationIsVisible = 0;
			defaultConfigurationName = Release;
		};
		BFF2856B1D8C2021004981CF /* Build configuration list for PBXNativeTarget "FeedingHistoryLab" */ = {
			isa = XCConfigurationList;
			buildConfigurations = (
				BFF2856C1D8C2021004981CF /* Debug */,
				BFF2856D1D8C2021004981CF /* Release */,
			);
			defaultConfigurationIsVisible = 0;
			defaultConfigurationName = Release;
		};
/* End XCConfigurationList section */
	};
	rootObject = BFF285511D8C2021004981CF /* Project object */;
}
